
Microsoft Visual Studio Solution File, Format Version 12.00
# Visual Studio Version 16
VisualStudioVersion = 16.0.29215.179
MinimumVisualStudioVersion = 10.0.40219.1
Project("{FAE04EC0-301F-11D3-BF4B-00C04F79EFBC}") = "PasswordGenerator", "PasswordGenerator\PasswordGenerator.csproj", "{45B6398C-AE95-4DDE-9904-D62766697D2E}"
EndProject
Global
	GlobalSection(SolutionConfigurationPlatforms) = preSolution
		Debug|Any CPU = Debug|Any CPU
		Release|Any CPU = Release|Any CPU
	EndGlobalSection
	GlobalSection(ProjectConfigurationPlatforms) = postSolution
		{45B6398C-AE95-4DDE-9904-D62766697D2E}.Debug|Any CPU.ActiveCfg = Debug|Any CPU
		{45B6398C-AE95-4DDE-9904-D62766697D2E}.Debug|Any CPU.Build.0 = Debug|Any CPU
		{45B6398C-AE95-4DDE-9904-D62766697D2E}.Release|Any CPU.ActiveCfg = Release|Any CPU
		{45B6398C-AE95-4DDE-9904-D62766697D2E}.Release|Any CPU.Build.0 = Release|Any CPU
	EndGlobalSection
	GlobalSection(SolutionProperties) = preSolution
		HideSolutionNode = FALSE
	EndGlobalSection
	GlobalSection(ExtensibilityGlobals) = postSolution
		SolutionGuid = {DDBD8F8C-4895-48AF-A0C3-43D589B9C4D8}
	EndGlobalSection
EndGlobal
